{
    "_meta": {
        "hash": {
            "sha256": "8bb0c29741cbe304ef17f89bdebb0d28ec8eaa96f04f6e609f95e6a6fb39148c"
        },
        "pipfile-spec": 6,
        "requires": {
            "python_version": "3.8.5"
        },
        "sources": [
            {
                "name": "pypi",
                "url": "https://pypi.org/simple",
                "verify_ssl": true
            }
        ]
    },
    "default": {},
    "develop": {}
}
